
Microsoft Visual Studio Solution File, Format Version 12.00
# Visual Studio Version 16
VisualStudioVersion = 16.0.31729.503
MinimumVisualStudioVersion = 10.0.40219.1
Project("{FAE04EC0-301F-11D3-BF4B-00C04F79EFBC}") = "pr9WF", "pr9WF\pr9WF.csproj", "{1A1CC6BA-0E16-4215-8FF1-BA359147137C}"
EndProject
Global
	GlobalSection(SolutionConfigurationPlatforms) = preSolution
		Debug|Any CPU = Debug|Any CPU
		Release|Any CPU = Release|Any CPU
	EndGlobalSection
	GlobalSection(ProjectConfigurationPlatforms) = postSolution
		{1A1CC6BA-0E16-4215-8FF1-BA359147137C}.Debug|Any CPU.ActiveCfg = Debug|Any CPU
		{1A1CC6BA-0E16-4215-8FF1-BA359147137C}.Debug|Any CPU.Build.0 = Debug|Any CPU
		{1A1CC6BA-0E16-4215-8FF1-BA359147137C}.Release|Any CPU.ActiveCfg = Release|Any CPU
		{1A1CC6BA-0E16-4215-8FF1-BA359147137C}.Release|Any CPU.Build.0 = Release|Any CPU
	EndGlobalSection
	GlobalSection(SolutionProperties) = preSolution
		HideSolutionNode = FALSE
	EndGlobalSection
	GlobalSection(ExtensibilityGlobals) = postSolution
		SolutionGuid = {6F6C46B8-2ACD-4F75-8329-AC42EC90DDFD}
	EndGlobalSection
EndGlobal
